
Microsoft Visual Studio Solution File, Format Version 12.00
# Visual Studio 15
VisualStudioVersion = 15.0.26730.12
MinimumVisualStudioVersion = 10.0.40219.1
Project("{FAE04EC0-301F-11D3-BF4B-00C04F79EFBC}") = "LeaderboardsService", "LeaderboardsService\LeaderboardsService.csproj", "{1678334C-DE8C-4DC4-B493-4454BC209E18}"
EndProject
Project("{FAE04EC0-301F-11D3-BF4B-00C04F79EFBC}") = "LeaderboardsService.Tests", "LeaderboardsService.Tests\LeaderboardsService.Tests.csproj", "{45E158FD-FCBB-409D-A09B-D54EDD758910}"
EndProject
Project("{930C7802-8A8C-48F9-8165-68863BCCD9DD}") = "InstallerMM", "InstallerMM\InstallerMM.wixproj", "{077BD9CE-BCB1-4362-B7E4-6735BF2CD18F}"
EndProject
Project("{930C7802-8A8C-48F9-8165-68863BCCD9DD}") = "Installer", "Installer\Installer.wixproj", "{C9F58570-2403-498E-BF30-936962B8F20E}"
EndProject
Project("{2150E333-8FDC-42A3-9474-1A3956D46DE8}") = "Solution Items", "Solution Items", "{224E1F6B-174B-4283-8D0E-D2BBF9EB766A}"
	ProjectSection(SolutionItems) = preProject
		appveyor.yml = appveyor.yml
		NuGet.Config = NuGet.Config
		README.md = README.md
	EndProjectSection
EndProject
Global
	GlobalSection(SolutionConfigurationPlatforms) = preSolution
		Debug|Any CPU = Debug|Any CPU
		Release|Any CPU = Release|Any CPU
	EndGlobalSection
	GlobalSection(ProjectConfigurationPlatforms) = postSolution
		{1678334C-DE8C-4DC4-B493-4454BC209E18}.Debug|Any CPU.ActiveCfg = Debug|Any CPU
		{1678334C-DE8C-4DC4-B493-4454BC209E18}.Debug|Any CPU.Build.0 = Debug|Any CPU
		{1678334C-DE8C-4DC4-B493-4454BC209E18}.Release|Any CPU.ActiveCfg = Release|Any CPU
		{1678334C-DE8C-4DC4-B493-4454BC209E18}.Release|Any CPU.Build.0 = Release|Any CPU
		{45E158FD-FCBB-409D-A09B-D54EDD758910}.Debug|Any CPU.ActiveCfg = Debug|Any CPU
		{45E158FD-FCBB-409D-A09B-D54EDD758910}.Debug|Any CPU.Build.0 = Debug|Any CPU
		{45E158FD-FCBB-409D-A09B-D54EDD758910}.Release|Any CPU.ActiveCfg = Release|Any CPU
		{45E158FD-FCBB-409D-A09B-D54EDD758910}.Release|Any CPU.Build.0 = Release|Any CPU
		{077BD9CE-BCB1-4362-B7E4-6735BF2CD18F}.Debug|Any CPU.ActiveCfg = Debug|x86
		{077BD9CE-BCB1-4362-B7E4-6735BF2CD18F}.Debug|Any CPU.Build.0 = Debug|x86
		{077BD9CE-BCB1-4362-B7E4-6735BF2CD18F}.Release|Any CPU.ActiveCfg = Release|x86
		{077BD9CE-BCB1-4362-B7E4-6735BF2CD18F}.Release|Any CPU.Build.0 = Release|x86
		{C9F58570-2403-498E-BF30-936962B8F20E}.Debug|Any CPU.ActiveCfg = Debug|x86
		{C9F58570-2403-498E-BF30-936962B8F20E}.Debug|Any CPU.Build.0 = Debug|x86
		{C9F58570-2403-498E-BF30-936962B8F20E}.Release|Any CPU.ActiveCfg = Release|x86
		{C9F58570-2403-498E-BF30-936962B8F20E}.Release|Any CPU.Build.0 = Release|x86
	EndGlobalSection
	GlobalSection(SolutionProperties) = preSolution
		HideSolutionNode = FALSE
	EndGlobalSection
	GlobalSection(ExtensibilityGlobals) = postSolution
		SolutionGuid = {38A58452-6807-4810-BBD9-247427CCC0F2}
	EndGlobalSection
EndGlobal
